
Microsoft Visual Studio Solution File, Format Version 12.00
# Visual Studio Version 17
VisualStudioVersion = 17.9.34728.123
MinimumVisualStudioVersion = 10.0.40219.1
Project("{FAE04EC0-301F-11D3-BF4B-00C04F79EFBC}") = "Countries.Server", "Countries.Server.csproj", "{833347A5-744D-4881-AE1F-62B1BFB240F3}"
EndProject
Global
	GlobalSection(SolutionConfigurationPlatforms) = preSolution
		Debug|Any CPU = Debug|Any CPU
		Release|Any CPU = Release|Any CPU
	EndGlobalSection
	GlobalSection(ProjectConfigurationPlatforms) = postSolution
		{833347A5-744D-4881-AE1F-62B1BFB240F3}.Debug|Any CPU.ActiveCfg = Debug|Any CPU
		{833347A5-744D-4881-AE1F-62B1BFB240F3}.Debug|Any CPU.Build.0 = Debug|Any CPU
		{833347A5-744D-4881-AE1F-62B1BFB240F3}.Release|Any CPU.ActiveCfg = Release|Any CPU
		{833347A5-744D-4881-AE1F-62B1BFB240F3}.Release|Any CPU.Build.0 = Release|Any CPU
	EndGlobalSection
	GlobalSection(SolutionProperties) = preSolution
		HideSolutionNode = FALSE
	EndGlobalSection
	GlobalSection(ExtensibilityGlobals) = postSolution
		SolutionGuid = {67473BB0-2C5B-4110-8D2C-E0ED68A0BC16}
	EndGlobalSection
EndGlobal
